
Microsoft Visual Studio Solution File, Format Version 12.00
# Visual Studio Version 16
VisualStudioVersion = 16.0.30413.136
MinimumVisualStudioVersion = 10.0.40219.1
Project("{9A19103F-16F7-4668-BE54-9A1E7A4F7556}") = "HaloStatFinder", "HaloStatFinder\HaloStatFinder.csproj", "{A7B3FD7C-26D7-47BE-8573-4980A18F51DC}"
EndProject
Project("{FAE04EC0-301F-11D3-BF4B-00C04F79EFBC}") = "HaloStatFinder.Tests", "HaloStatFinder.Tests\HaloStatFinder.Tests.csproj", "{1464E167-5F71-4838-BB0F-FBEAA7398002}"
EndProject
Global
	GlobalSection(SolutionConfigurationPlatforms) = preSolution
		Debug|Any CPU = Debug|Any CPU
		Release|Any CPU = Release|Any CPU
	EndGlobalSection
	GlobalSection(ProjectConfigurationPlatforms) = postSolution
		{A7B3FD7C-26D7-47BE-8573-4980A18F51DC}.Debug|Any CPU.ActiveCfg = Debug|Any CPU
		{A7B3FD7C-26D7-47BE-8573-4980A18F51DC}.Debug|Any CPU.Build.0 = Debug|Any CPU
		{A7B3FD7C-26D7-47BE-8573-4980A18F51DC}.Release|Any CPU.ActiveCfg = Release|Any CPU
		{A7B3FD7C-26D7-47BE-8573-4980A18F51DC}.Release|Any CPU.Build.0 = Release|Any CPU
		{1464E167-5F71-4838-BB0F-FBEAA7398002}.Debug|Any CPU.ActiveCfg = Debug|Any CPU
		{1464E167-5F71-4838-BB0F-FBEAA7398002}.Debug|Any CPU.Build.0 = Debug|Any CPU
		{1464E167-5F71-4838-BB0F-FBEAA7398002}.Release|Any CPU.ActiveCfg = Release|Any CPU
		{1464E167-5F71-4838-BB0F-FBEAA7398002}.Release|Any CPU.Build.0 = Release|Any CPU
	EndGlobalSection
	GlobalSection(SolutionProperties) = preSolution
		HideSolutionNode = FALSE
	EndGlobalSection
	GlobalSection(ExtensibilityGlobals) = postSolution
		SolutionGuid = {432D4B53-43B2-4C8B-9DDC-F8AAC6378F57}
	EndGlobalSection
EndGlobal
